{
  "version": 4,
  "terraform_version": "1.3.7",
  "serial": 45,
  "lineage": "f6e4e479-307a-c57c-9c97-020d94683124",
  "outputs": {
    "jenkins_ip": {
      "value": "157.230.191.161",
      "type": "string"
    }
  },
  "resources": [
    {
      "mode": "data",
      "type": "digitalocean_ssh_key",
      "name": "ssh_key",
      "provider": "provider[\"registry.terraform.io/digitalocean/digitalocean\"]",
      "instances": [
        {
          "schema_version": 0,
          "attributes": {
            "fingerprint": "90:92:fd:ec:f9:16:47:00:08:56:13:fb:d7:42:d8:10",
            "id": 37378290,
            "name": "Jornada",
            "public_key": "ssh-rsa AAAAB3NzaC1yc2EAAAADAQABAAABAQDOgUSzpIzHDpual2bYNVIrHTNoJH83dIfiamtZVm25Zq8ekLf3K8r+Jkr/8ds8Dr9SVxV400nQveg/dTr7oc7FuXIT2qRB8uuhujnvS7+f15Z9k+AelUT69MsWLtApywV7Q8yRkcQNlzQwLQBETEMOCPg+41kwWpNxtCmXNT+d1KQb5yFxYWe/QHG+JOKnj+sqJrYXXapMRNEsYNp09TAG4neoqrnwRrOd7/c+S1ZvOVYH6iwH24CN5L78263tXZIOi3uCB+KbnY+dSO+DQmdEqjAVeFb3q/eP8ksThYc7b2UqJvTsOAh4I4FKxIDW7IsXEKbe8gImdAajLyakQe3T mhmat@DESKTOP-A27L3NC"
          },
          "sensitive_attributes": []
        }
      ]
    },
    {
      "mode": "managed",
      "type": "digitalocean_droplet",
      "name": "jenkins",
      "provider": "provider[\"registry.terraform.io/digitalocean/digitalocean\"]",
      "instances": [
        {
          "schema_version": 1,
          "attributes": {
            "backups": false,
            "created_at": "2023-01-29T23:46:36Z",
            "disk": 60,
            "droplet_agent": null,
            "graceful_shutdown": false,
            "id": "338167204",
            "image": "ubuntu-22-04-x64",
            "ipv4_address": "157.230.191.161",
            "ipv4_address_private": "10.116.0.2",
            "ipv6": false,
            "ipv6_address": "",
            "locked": false,
            "memory": 2048,
            "monitoring": false,
            "name": "jenkins",
            "price_hourly": 0.02679,
            "price_monthly": 18,
            "private_networking": true,
            "region": "nyc1",
            "resize_disk": true,
            "size": "s-2vcpu-2gb",
            "ssh_keys": [
              "37378290"
            ],
            "status": "active",
            "tags": null,
            "timeouts": null,
            "urn": "do:droplet:338167204",
            "user_data": null,
            "vcpus": 2,
            "volume_ids": [],
            "vpc_uuid": "49af10ee-914f-40b6-9bb2-cf85bb280a90"
          },
          "sensitive_attributes": [],
          "private": "eyJlMmJmYjczMC1lY2FhLTExZTYtOGY4OC0zNDM2M2JjN2M0YzAiOnsiY3JlYXRlIjozNjAwMDAwMDAwMDAwLCJkZWxldGUiOjYwMDAwMDAwMDAwLCJ1cGRhdGUiOjM2MDAwMDAwMDAwMDB9LCJzY2hlbWFfdmVyc2lvbiI6IjEifQ==",
          "dependencies": [
            "data.digitalocean_ssh_key.ssh_key"
          ]
        }
      ]
    },
    {
      "mode": "managed",
      "type": "local_file",
      "name": "kube_config",
      "provider": "provider[\"registry.terraform.io/hashicorp/local\"]",
      "instances": []
    }
  ],
  "check_results": null
}
